
Microsoft Visual Studio Solution File, Format Version 12.00
# Visual Studio Version 16
VisualStudioVersion = 16.0.33423.256
MinimumVisualStudioVersion = 10.0.40219.1
Project("{FAE04EC0-301F-11D3-BF4B-00C04F79EFBC}") = "SalarioSemanalEmpleado", "SalarioSemanalEmpleado\SalarioSemanalEmpleado.csproj", "{3EC0A033-AEA9-4391-BDC1-B54388E66658}"
EndProject
Global
	GlobalSection(SolutionConfigurationPlatforms) = preSolution
		Debug|Any CPU = Debug|Any CPU
		Release|Any CPU = Release|Any CPU
	EndGlobalSection
	GlobalSection(ProjectConfigurationPlatforms) = postSolution
		{3EC0A033-AEA9-4391-BDC1-B54388E66658}.Debug|Any CPU.ActiveCfg = Debug|Any CPU
		{3EC0A033-AEA9-4391-BDC1-B54388E66658}.Debug|Any CPU.Build.0 = Debug|Any CPU
		{3EC0A033-AEA9-4391-BDC1-B54388E66658}.Release|Any CPU.ActiveCfg = Release|Any CPU
		{3EC0A033-AEA9-4391-BDC1-B54388E66658}.Release|Any CPU.Build.0 = Release|Any CPU
	EndGlobalSection
	GlobalSection(SolutionProperties) = preSolution
		HideSolutionNode = FALSE
	EndGlobalSection
	GlobalSection(ExtensibilityGlobals) = postSolution
		SolutionGuid = {65AC19D9-0357-4B8B-9BDB-6BE1301F1593}
	EndGlobalSection
EndGlobal
